
Microsoft Visual Studio Solution File, Format Version 12.00
# Visual Studio Version 16
VisualStudioVersion = 16.0.29209.62
MinimumVisualStudioVersion = 10.0.40219.1
Project("{FAE04EC0-301F-11D3-BF4B-00C04F79EFBC}") = "HopeMVC", "HopeMVC\HopeMVC.csproj", "{954A02BB-1D4A-4421-BA92-8DD9519930A6}"
EndProject
Project("{FAE04EC0-301F-11D3-BF4B-00C04F79EFBC}") = "DataLibrary", "DataLibrary\DataLibrary.csproj", "{BF476989-08A8-4544-85D3-64483B59ED05}"
EndProject
Project("{00D1A9C2-B5F0-4AF3-8072-F6C62B433612}") = "MVCDemoDB", "MVCDemoDB\MVCDemoDB.sqlproj", "{E04BC875-BAEF-4C13-B5B0-53E0859F2EFE}"
EndProject
Global
	GlobalSection(SolutionConfigurationPlatforms) = preSolution
		Debug|Any CPU = Debug|Any CPU
		Release|Any CPU = Release|Any CPU
	EndGlobalSection
	GlobalSection(ProjectConfigurationPlatforms) = postSolution
		{954A02BB-1D4A-4421-BA92-8DD9519930A6}.Debug|Any CPU.ActiveCfg = Debug|Any CPU
		{954A02BB-1D4A-4421-BA92-8DD9519930A6}.Debug|Any CPU.Build.0 = Debug|Any CPU
		{954A02BB-1D4A-4421-BA92-8DD9519930A6}.Release|Any CPU.ActiveCfg = Release|Any CPU
		{954A02BB-1D4A-4421-BA92-8DD9519930A6}.Release|Any CPU.Build.0 = Release|Any CPU
		{BF476989-08A8-4544-85D3-64483B59ED05}.Debug|Any CPU.ActiveCfg = Debug|Any CPU
		{BF476989-08A8-4544-85D3-64483B59ED05}.Debug|Any CPU.Build.0 = Debug|Any CPU
		{BF476989-08A8-4544-85D3-64483B59ED05}.Release|Any CPU.ActiveCfg = Release|Any CPU
		{BF476989-08A8-4544-85D3-64483B59ED05}.Release|Any CPU.Build.0 = Release|Any CPU
		{E04BC875-BAEF-4C13-B5B0-53E0859F2EFE}.Debug|Any CPU.ActiveCfg = Debug|Any CPU
		{E04BC875-BAEF-4C13-B5B0-53E0859F2EFE}.Debug|Any CPU.Build.0 = Debug|Any CPU
		{E04BC875-BAEF-4C13-B5B0-53E0859F2EFE}.Debug|Any CPU.Deploy.0 = Debug|Any CPU
		{E04BC875-BAEF-4C13-B5B0-53E0859F2EFE}.Release|Any CPU.ActiveCfg = Release|Any CPU
		{E04BC875-BAEF-4C13-B5B0-53E0859F2EFE}.Release|Any CPU.Build.0 = Release|Any CPU
		{E04BC875-BAEF-4C13-B5B0-53E0859F2EFE}.Release|Any CPU.Deploy.0 = Release|Any CPU
	EndGlobalSection
	GlobalSection(SolutionProperties) = preSolution
		HideSolutionNode = FALSE
	EndGlobalSection
	GlobalSection(ExtensibilityGlobals) = postSolution
		SolutionGuid = {636253BA-8480-43D8-B654-C6D7405572F2}
	EndGlobalSection
EndGlobal
